// !$*UTF8*$!
{
	archiveVersion = 1;
	classes = {
	};
	objectVersion = 50;
	objects = {

/* Begin PBXBuildFile section */
		701986BE2559AF6A00DA938E /* PilihKonsViewController.swift in Sources */ = {isa = PBXBuildFile; fileRef = 701986BD2559AF6A00DA938E /* PilihKonsViewController.swift */; };
		703ECCD5255DD62D006AD24C /* instruksiDengar.wav in Resources */ = {isa = PBXBuildFile; fileRef = 703ECCCB255DD62D006AD24C /* instruksiDengar.wav */; };
		703ECCD6255DD62D006AD24C /* instruksiUcap.wav in Resources */ = {isa = PBXBuildFile; fileRef = 703ECCCC255DD62D006AD24C /* instruksiUcap.wav */; };
		703ECCD7255DD62D006AD24C /* E.wav in Resources */ = {isa = PBXBuildFile; fileRef = 703ECCCD255DD62D006AD24C /* E.wav */; };
		703ECCD9255DD62D006AD24C /* VnK.wav in Resources */ = {isa = PBXBuildFile; fileRef = 703ECCCF255DD62D006AD24C /* VnK.wav */; };
		703ECCDB255DD62D006AD24C /* A.wav in Resources */ = {isa = PBXBuildFile; fileRef = 703ECCD1255DD62D006AD24C /* A.wav */; };
		703ECCDC255DD62D006AD24C /* U.wav in Resources */ = {isa = PBXBuildFile; fileRef = 703ECCD2255DD62D006AD24C /* U.wav */; };
		703ECCDD255DD62D006AD24C /* O.wav in Resources */ = {isa = PBXBuildFile; fileRef = 703ECCD3255DD62D006AD24C /* O.wav */; };
		703ECCDE255DD62D006AD24C /* I.wav in Resources */ = {isa = PBXBuildFile; fileRef = 703ECCD4255DD62D006AD24C /* I.wav */; };
		703ECCF2255DE9B2006AD24C /* instruksiPilihVnK.wav in Resources */ = {isa = PBXBuildFile; fileRef = 703ECCF1255DE9B2006AD24C /* instruksiPilihVnK.wav */; };
		703ECCF7255DE9BF006AD24C /* gelembung.wav in Resources */ = {isa = PBXBuildFile; fileRef = 703ECCF6255DE9BF006AD24C /* gelembung.wav */; };
		703ECD02255DEB9A006AD24C /* instruksiPilihHuruf.wav in Resources */ = {isa = PBXBuildFile; fileRef = 703ECD01255DEB9A006AD24C /* instruksiPilihHuruf.wav */; };
		703ECD07255DEC5B006AD24C /* isntruksiPilihVnK.wav in Resources */ = {isa = PBXBuildFile; fileRef = 703ECD06255DEC5B006AD24C /* isntruksiPilihVnK.wav */; };
		703ECD0C255DEC93006AD24C /* gelembung1.wav in Resources */ = {isa = PBXBuildFile; fileRef = 703ECD0B255DEC93006AD24C /* gelembung1.wav */; };
		7065FAE925532A97004ABF4A /* PilihV.storyboard in Resources */ = {isa = PBXBuildFile; fileRef = 7065FAE825532A97004ABF4A /* PilihV.storyboard */; };
		7065FAEE25532AAB004ABF4A /* Ahuruf.storyboard in Resources */ = {isa = PBXBuildFile; fileRef = 7065FAED25532AAB004ABF4A /* Ahuruf.storyboard */; };
		7065FAF325532B09004ABF4A /* PilihVViewController.swift in Sources */ = {isa = PBXBuildFile; fileRef = 7065FAF225532B09004ABF4A /* PilihVViewController.swift */; };
		7065FAF825532B29004ABF4A /* AhurufViewController.swift in Sources */ = {isa = PBXBuildFile; fileRef = 7065FAF725532B29004ABF4A /* AhurufViewController.swift */; };
		70776F0B2558A67700345E04 /* mendengarkan.wav in Resources */ = {isa = PBXBuildFile; fileRef = 70776F072558A67700345E04 /* mendengarkan.wav */; };
		70776F0C2558A67700345E04 /* mengucapkan.wav in Resources */ = {isa = PBXBuildFile; fileRef = 70776F082558A67700345E04 /* mengucapkan.wav */; };
		70776F132558A7BA00345E04 /* pilihlahHuruf.wav in Resources */ = {isa = PBXBuildFile; fileRef = 70776F122558A7BA00345E04 /* pilihlahHuruf.wav */; };
		70776F2D255936D400345E04 /* PilihKons.storyboard in Resources */ = {isa = PBXBuildFile; fileRef = 70776F2C255936D400345E04 /* PilihKons.storyboard */; };
		70777BE52555225E00E78239 /* Dengar3.wav in Resources */ = {isa = PBXBuildFile; fileRef = 70777BE22555225E00E78239 /* Dengar3.wav */; };
		70777BE62555225E00E78239 /* Dengar1.wav in Resources */ = {isa = PBXBuildFile; fileRef = 70777BE32555225E00E78239 /* Dengar1.wav */; };
		70777BE72555225E00E78239 /* Dengar2.wav in Resources */ = {isa = PBXBuildFile; fileRef = 70777BE42555225E00E78239 /* Dengar2.wav */; };
		70777BEF25555BE500E78239 /* Main.storyboard in Resources */ = {isa = PBXBuildFile; fileRef = 70777BEE25555BE500E78239 /* Main.storyboard */; };
		70777BF725555C1900E78239 /* MainViewController.swift in Sources */ = {isa = PBXBuildFile; fileRef = 70777BF625555C1900E78239 /* MainViewController.swift */; };
		CD7844DA2552C0F200BCA0E5 /* MenulisA.storyboard in Resources */ = {isa = PBXBuildFile; fileRef = CD7844D92552C0F200BCA0E5 /* MenulisA.storyboard */; };
		CD7844DF2552D01C00BCA0E5 /* MenulisAViewController.swift in Sources */ = {isa = PBXBuildFile; fileRef = CD7844DE2552D01C00BCA0E5 /* MenulisAViewController.swift */; };
		CD7D9FBC254FD39A008FC254 /* AppDelegate.swift in Sources */ = {isa = PBXBuildFile; fileRef = CD7D9FBB254FD39A008FC254 /* AppDelegate.swift */; };
		CD7D9FBE254FD39A008FC254 /* SceneDelegate.swift in Sources */ = {isa = PBXBuildFile; fileRef = CD7D9FBD254FD39A008FC254 /* SceneDelegate.swift */; };
		CD7D9FC6254FD39A008FC254 /* BacaLexia.xcdatamodeld in Sources */ = {isa = PBXBuildFile; fileRef = CD7D9FC4254FD39A008FC254 /* BacaLexia.xcdatamodeld */; };
		CD7D9FC8254FD39B008FC254 /* Assets.xcassets in Resources */ = {isa = PBXBuildFile; fileRef = CD7D9FC7254FD39B008FC254 /* Assets.xcassets */; };
		CD7D9FCB254FD39B008FC254 /* LaunchScreen.storyboard in Resources */ = {isa = PBXBuildFile; fileRef = CD7D9FC9254FD39B008FC254 /* LaunchScreen.storyboard */; };
		CD7D9FD6254FD39B008FC254 /* BacaLexiaTests.swift in Sources */ = {isa = PBXBuildFile; fileRef = CD7D9FD5254FD39B008FC254 /* BacaLexiaTests.swift */; };
		CD7D9FE1254FD39B008FC254 /* BacaLexiaUITests.swift in Sources */ = {isa = PBXBuildFile; fileRef = CD7D9FE0254FD39B008FC254 /* BacaLexiaUITests.swift */; };
		CDCE2CA92558F04A00851650 /* ShowGuide.m4a in Resources */ = {isa = PBXBuildFile; fileRef = CDCE2CA82558F04A00851650 /* ShowGuide.m4a */; };
/* End PBXBuildFile section */

/* Begin PBXContainerItemProxy section */
		CD7D9FD2254FD39B008FC254 /* PBXContainerItemProxy */ = {
			isa = PBXContainerItemProxy;
			containerPortal = CD7D9FB0254FD39A008FC254 /* Project object */;
			proxyType = 1;
			remoteGlobalIDString = CD7D9FB7254FD39A008FC254;
			remoteInfo = BacaLexia;
		};
		CD7D9FDD254FD39B008FC254 /* PBXContainerItemProxy */ = {
			isa = PBXContainerItemProxy;
			containerPortal = CD7D9FB0254FD39A008FC254 /* Project object */;
			proxyType = 1;
			remoteGlobalIDString = CD7D9FB7254FD39A008FC254;
			remoteInfo = BacaLexia;
		};
/* End PBXContainerItemProxy section */

/* Begin PBXFileReference section */
		701986BD2559AF6A00DA938E /* PilihKonsViewController.swift */ = {isa = PBXFileReference; lastKnownFileType = sourcecode.swift; path = PilihKonsViewController.swift; sourceTree = "<group>"; };
		703ECCCB255DD62D006AD24C /* instruksiDengar.wav */ = {isa = PBXFileReference; lastKnownFileType = audio.wav; path = instruksiDengar.wav; sourceTree = "<group>"; };
		703ECCCC255DD62D006AD24C /* instruksiUcap.wav */ = {isa = PBXFileReference; lastKnownFileType = audio.wav; path = instruksiUcap.wav; sourceTree = "<group>"; };
		703ECCCD255DD62D006AD24C /* E.wav */ = {isa = PBXFileReference; lastKnownFileType = audio.wav; name = E.wav; path = ../../../../E.wav; sourceTree = "<group>"; };
		703ECCCF255DD62D006AD24C /* VnK.wav */ = {isa = PBXFileReference; lastKnownFileType = audio.wav; path = VnK.wav; sourceTree = "<group>"; };
		703ECCD1255DD62D006AD24C /* A.wav */ = {isa = PBXFileReference; lastKnownFileType = audio.wav; name = A.wav; path = ../../../../A.wav; sourceTree = "<group>"; };
		703ECCD2255DD62D006AD24C /* U.wav */ = {isa = PBXFileReference; lastKnownFileType = audio.wav; path = U.wav; sourceTree = "<group>"; };
		703ECCD3255DD62D006AD24C /* O.wav */ = {isa = PBXFileReference; lastKnownFileType = audio.wav; path = O.wav; sourceTree = "<group>"; };
		703ECCD4255DD62D006AD24C /* I.wav */ = {isa = PBXFileReference; lastKnownFileType = audio.wav; path = I.wav; sourceTree = "<group>"; };
		703ECCF1255DE9B2006AD24C /* instruksiPilihVnK.wav */ = {isa = PBXFileReference; lastKnownFileType = audio.wav; path = instruksiPilihVnK.wav; sourceTree = "<group>"; };
		703ECCF6255DE9BF006AD24C /* gelembung.wav */ = {isa = PBXFileReference; lastKnownFileType = audio.wav; path = gelembung.wav; sourceTree = "<group>"; };
		703ECD01255DEB9A006AD24C /* instruksiPilihHuruf.wav */ = {isa = PBXFileReference; lastKnownFileType = audio.wav; path = instruksiPilihHuruf.wav; sourceTree = "<group>"; };
		703ECD06255DEC5B006AD24C /* isntruksiPilihVnK.wav */ = {isa = PBXFileReference; lastKnownFileType = audio.wav; path = isntruksiPilihVnK.wav; sourceTree = "<group>"; };
		703ECD0B255DEC93006AD24C /* gelembung1.wav */ = {isa = PBXFileReference; lastKnownFileType = audio.wav; path = gelembung1.wav; sourceTree = "<group>"; };
		7065FAE825532A97004ABF4A /* PilihV.storyboard */ = {isa = PBXFileReference; lastKnownFileType = file.storyboard; path = PilihV.storyboard; sourceTree = "<group>"; };
		7065FAED25532AAB004ABF4A /* Ahuruf.storyboard */ = {isa = PBXFileReference; lastKnownFileType = file.storyboard; path = Ahuruf.storyboard; sourceTree = "<group>"; };
		7065FAF225532B09004ABF4A /* PilihVViewController.swift */ = {isa = PBXFileReference; lastKnownFileType = sourcecode.swift; path = PilihVViewController.swift; sourceTree = "<group>"; };
		7065FAF725532B29004ABF4A /* AhurufViewController.swift */ = {isa = PBXFileReference; lastKnownFileType = sourcecode.swift; path = AhurufViewController.swift; sourceTree = "<group>"; };
		70776F072558A67700345E04 /* mendengarkan.wav */ = {isa = PBXFileReference; lastKnownFileType = audio.wav; path = mendengarkan.wav; sourceTree = "<group>"; };
		70776F082558A67700345E04 /* mengucapkan.wav */ = {isa = PBXFileReference; lastKnownFileType = audio.wav; path = mengucapkan.wav; sourceTree = "<group>"; };
		70776F122558A7BA00345E04 /* pilihlahHuruf.wav */ = {isa = PBXFileReference; lastKnownFileType = audio.wav; path = pilihlahHuruf.wav; sourceTree = "<group>"; };
		70776F2C255936D400345E04 /* PilihKons.storyboard */ = {isa = PBXFileReference; lastKnownFileType = file.storyboard; path = PilihKons.storyboard; sourceTree = "<group>"; };
		70777BE22555225E00E78239 /* Dengar3.wav */ = {isa = PBXFileReference; lastKnownFileType = audio.wav; path = Dengar3.wav; sourceTree = "<group>"; };
		70777BE32555225E00E78239 /* Dengar1.wav */ = {isa = PBXFileReference; lastKnownFileType = audio.wav; path = Dengar1.wav; sourceTree = "<group>"; };
		70777BE42555225E00E78239 /* Dengar2.wav */ = {isa = PBXFileReference; lastKnownFileType = audio.wav; path = Dengar2.wav; sourceTree = "<group>"; };
		70777BEE25555BE500E78239 /* Main.storyboard */ = {isa = PBXFileReference; lastKnownFileType = file.storyboard; path = Main.storyboard; sourceTree = "<group>"; };
		70777BF625555C1900E78239 /* MainViewController.swift */ = {isa = PBXFileReference; lastKnownFileType = sourcecode.swift; path = MainViewController.swift; sourceTree = "<group>"; };
		CD7844D92552C0F200BCA0E5 /* MenulisA.storyboard */ = {isa = PBXFileReference; lastKnownFileType = file.storyboard; path = MenulisA.storyboard; sourceTree = "<group>"; };
		CD7844DE2552D01C00BCA0E5 /* MenulisAViewController.swift */ = {isa = PBXFileReference; lastKnownFileType = sourcecode.swift; path = MenulisAViewController.swift; sourceTree = "<group>"; };
		CD7D9FB8254FD39A008FC254 /* BacaLexia.app */ = {isa = PBXFileReference; explicitFileType = wrapper.application; includeInIndex = 0; path = BacaLexia.app; sourceTree = BUILT_PRODUCTS_DIR; };
		CD7D9FBB254FD39A008FC254 /* AppDelegate.swift */ = {isa = PBXFileReference; lastKnownFileType = sourcecode.swift; path = AppDelegate.swift; sourceTree = "<group>"; };
		CD7D9FBD254FD39A008FC254 /* SceneDelegate.swift */ = {isa = PBXFileReference; lastKnownFileType = sourcecode.swift; path = SceneDelegate.swift; sourceTree = "<group>"; };
		CD7D9FC5254FD39A008FC254 /* BacaLexia.xcdatamodel */ = {isa = PBXFileReference; lastKnownFileType = wrapper.xcdatamodel; path = BacaLexia.xcdatamodel; sourceTree = "<group>"; };
		CD7D9FC7254FD39B008FC254 /* Assets.xcassets */ = {isa = PBXFileReference; lastKnownFileType = folder.assetcatalog; path = Assets.xcassets; sourceTree = "<group>"; };
		CD7D9FCA254FD39B008FC254 /* Base */ = {isa = PBXFileReference; lastKnownFileType = file.storyboard; name = Base; path = Base.lproj/LaunchScreen.storyboard; sourceTree = "<group>"; };
		CD7D9FCC254FD39B008FC254 /* Info.plist */ = {isa = PBXFileReference; lastKnownFileType = text.plist.xml; path = Info.plist; sourceTree = "<group>"; };
		CD7D9FD1254FD39B008FC254 /* BacaLexiaTests.xctest */ = {isa = PBXFileReference; explicitFileType = wrapper.cfbundle; includeInIndex = 0; path = BacaLexiaTests.xctest; sourceTree = BUILT_PRODUCTS_DIR; };
		CD7D9FD5254FD39B008FC254 /* BacaLexiaTests.swift */ = {isa = PBXFileReference; lastKnownFileType = sourcecode.swift; path = BacaLexiaTests.swift; sourceTree = "<group>"; };
		CD7D9FD7254FD39B008FC254 /* Info.plist */ = {isa = PBXFileReference; lastKnownFileType = text.plist.xml; path = Info.plist; sourceTree = "<group>"; };
		CD7D9FDC254FD39B008FC254 /* BacaLexiaUITests.xctest */ = {isa = PBXFileReference; explicitFileType = wrapper.cfbundle; includeInIndex = 0; path = BacaLexiaUITests.xctest; sourceTree = BUILT_PRODUCTS_DIR; };
		CD7D9FE0254FD39B008FC254 /* BacaLexiaUITests.swift */ = {isa = PBXFileReference; lastKnownFileType = sourcecode.swift; path = BacaLexiaUITests.swift; sourceTree = "<group>"; };
		CD7D9FE2254FD39B008FC254 /* Info.plist */ = {isa = PBXFileReference; lastKnownFileType = text.plist.xml; path = Info.plist; sourceTree = "<group>"; };
		CDCE2CA82558F04A00851650 /* ShowGuide.m4a */ = {isa = PBXFileReference; lastKnownFileType = file; path = ShowGuide.m4a; sourceTree = "<group>"; };
/* End PBXFileReference section */

/* Begin PBXFrameworksBuildPhase section */
		CD7D9FB5254FD39A008FC254 /* Frameworks */ = {
			isa = PBXFrameworksBuildPhase;
			buildActionMask = 2147483647;
			files = (
			);
			runOnlyForDeploymentPostprocessing = 0;
		};
		CD7D9FCE254FD39B008FC254 /* Frameworks */ = {
			isa = PBXFrameworksBuildPhase;
			buildActionMask = 2147483647;
			files = (
			);
			runOnlyForDeploymentPostprocessing = 0;
		};
		CD7D9FD9254FD39B008FC254 /* Frameworks */ = {
			isa = PBXFrameworksBuildPhase;
			buildActionMask = 2147483647;
			files = (
			);
			runOnlyForDeploymentPostprocessing = 0;
		};
/* End PBXFrameworksBuildPhase section */

/* Begin PBXGroup section */
		70777BC42554B4EE00E78239 /* Sound */ = {
			isa = PBXGroup;
			children = (
				70776F122558A7BA00345E04 /* pilihlahHuruf.wav */,
				70776F072558A67700345E04 /* mendengarkan.wav */,
				70776F082558A67700345E04 /* mengucapkan.wav */,
				70777BE32555225E00E78239 /* Dengar1.wav */,
				70777BE42555225E00E78239 /* Dengar2.wav */,
				703ECD01255DEB9A006AD24C /* instruksiPilihHuruf.wav */,
				70777BE22555225E00E78239 /* Dengar3.wav */,
				703ECCD1255DD62D006AD24C /* A.wav */,
				703ECCCD255DD62D006AD24C /* E.wav */,
				703ECD0B255DEC93006AD24C /* gelembung1.wav */,
				703ECCD4255DD62D006AD24C /* I.wav */,
				703ECCCB255DD62D006AD24C /* instruksiDengar.wav */,
				703ECCCC255DD62D006AD24C /* instruksiUcap.wav */,
				703ECCF6255DE9BF006AD24C /* gelembung.wav */,
				703ECCF1255DE9B2006AD24C /* instruksiPilihVnK.wav */,
				703ECD06255DEC5B006AD24C /* isntruksiPilihVnK.wav */,
				703ECCD3255DD62D006AD24C /* O.wav */,
				703ECCD2255DD62D006AD24C /* U.wav */,
				703ECCCF255DD62D006AD24C /* VnK.wav */,
			);
			path = Sound;
			sourceTree = "<group>";
		};
		70A7E4B825529A1C00350315 /* StoryBoard */ = {
			isa = PBXGroup;
			children = (
				70777BEE25555BE500E78239 /* Main.storyboard */,
				7065FAE825532A97004ABF4A /* PilihV.storyboard */,
				70776F2C255936D400345E04 /* PilihKons.storyboard */,
				7065FAED25532AAB004ABF4A /* Ahuruf.storyboard */,
				CD7844D92552C0F200BCA0E5 /* MenulisA.storyboard */,
			);
			path = StoryBoard;
			sourceTree = "<group>";
		};
		70A7E4CE2552A17600350315 /* ViewController */ = {
			isa = PBXGroup;
			children = (
				70777BF625555C1900E78239 /* MainViewController.swift */,
				7065FAF225532B09004ABF4A /* PilihVViewController.swift */,
				701986BD2559AF6A00DA938E /* PilihKonsViewController.swift */,
				7065FAF725532B29004ABF4A /* AhurufViewController.swift */,
				CD7844DE2552D01C00BCA0E5 /* MenulisAViewController.swift */,
			);
			path = ViewController;
			sourceTree = "<group>";
		};
		CD7D9FAF254FD39A008FC254 = {
			isa = PBXGroup;
			children = (
				CD7D9FBA254FD39A008FC254 /* BacaLexia */,
				CD7D9FD4254FD39B008FC254 /* BacaLexiaTests */,
				CD7D9FDF254FD39B008FC254 /* BacaLexiaUITests */,
				CD7D9FB9254FD39A008FC254 /* Products */,
			);
			sourceTree = "<group>";
		};
		CD7D9FB9254FD39A008FC254 /* Products */ = {
			isa = PBXGroup;
			children = (
				CD7D9FB8254FD39A008FC254 /* BacaLexia.app */,
				CD7D9FD1254FD39B008FC254 /* BacaLexiaTests.xctest */,
				CD7D9FDC254FD39B008FC254 /* BacaLexiaUITests.xctest */,
			);
			name = Products;
			sourceTree = "<group>";
		};
		CD7D9FBA254FD39A008FC254 /* BacaLexia */ = {
			isa = PBXGroup;
			children = (
				CD7D9FBB254FD39A008FC254 /* AppDelegate.swift */,
				CD7D9FBD254FD39A008FC254 /* SceneDelegate.swift */,
				CD7D9FC9254FD39B008FC254 /* LaunchScreen.storyboard */,
				CD7D9FC7254FD39B008FC254 /* Assets.xcassets */,
				CD7D9FCC254FD39B008FC254 /* Info.plist */,
				CD7D9FC4254FD39A008FC254 /* BacaLexia.xcdatamodeld */,
				70A7E4CE2552A17600350315 /* ViewController */,
				70A7E4B825529A1C00350315 /* StoryBoard */,
				CDCE2CA72558EFFC00851650 /* Sounds */,
				70777BC42554B4EE00E78239 /* Sound */,
			);
			path = BacaLexia;
			sourceTree = "<group>";
		};
		CD7D9FD4254FD39B008FC254 /* BacaLexiaTests */ = {
			isa = PBXGroup;
			children = (
				CD7D9FD5254FD39B008FC254 /* BacaLexiaTests.swift */,
				CD7D9FD7254FD39B008FC254 /* Info.plist */,
			);
			path = BacaLexiaTests;
			sourceTree = "<group>";
		};
		CD7D9FDF254FD39B008FC254 /* BacaLexiaUITests */ = {
			isa = PBXGroup;
			children = (
				CD7D9FE0254FD39B008FC254 /* BacaLexiaUITests.swift */,
				CD7D9FE2254FD39B008FC254 /* Info.plist */,
			);
			path = BacaLexiaUITests;
			sourceTree = "<group>";
		};
		CDCE2CA72558EFFC00851650 /* Sounds */ = {
			isa = PBXGroup;
			children = (
				CDCE2CA82558F04A00851650 /* ShowGuide.m4a */,
			);
			path = Sounds;
			sourceTree = "<group>";
		};
/* End PBXGroup section */

/* Begin PBXNativeTarget section */
		CD7D9FB7254FD39A008FC254 /* BacaLexia */ = {
			isa = PBXNativeTarget;
			buildConfigurationList = CD7D9FE5254FD39B008FC254 /* Build configuration list for PBXNativeTarget "BacaLexia" */;
			buildPhases = (
				CD7D9FB4254FD39A008FC254 /* Sources */,
				CD7D9FB5254FD39A008FC254 /* Frameworks */,
				CD7D9FB6254FD39A008FC254 /* Resources */,
			);
			buildRules = (
			);
			dependencies = (
			);
			name = BacaLexia;
			productName = BacaLexia;
			productReference = CD7D9FB8254FD39A008FC254 /* BacaLexia.app */;
			productType = "com.apple.product-type.application";
		};
		CD7D9FD0254FD39B008FC254 /* BacaLexiaTests */ = {
			isa = PBXNativeTarget;
			buildConfigurationList = CD7D9FE8254FD39B008FC254 /* Build configuration list for PBXNativeTarget "BacaLexiaTests" */;
			buildPhases = (
				CD7D9FCD254FD39B008FC254 /* Sources */,
				CD7D9FCE254FD39B008FC254 /* Frameworks */,
				CD7D9FCF254FD39B008FC254 /* Resources */,
			);
			buildRules = (
			);
			dependencies = (
				CD7D9FD3254FD39B008FC254 /* PBXTargetDependency */,
			);
			name = BacaLexiaTests;
			productName = BacaLexiaTests;
			productReference = CD7D9FD1254FD39B008FC254 /* BacaLexiaTests.xctest */;
			productType = "com.apple.product-type.bundle.unit-test";
		};
		CD7D9FDB254FD39B008FC254 /* BacaLexiaUITests */ = {
			isa = PBXNativeTarget;
			buildConfigurationList = CD7D9FEB254FD39B008FC254 /* Build configuration list for PBXNativeTarget "BacaLexiaUITests" */;
			buildPhases = (
				CD7D9FD8254FD39B008FC254 /* Sources */,
				CD7D9FD9254FD39B008FC254 /* Frameworks */,
				CD7D9FDA254FD39B008FC254 /* Resources */,
			);
			buildRules = (
			);
			dependencies = (
				CD7D9FDE254FD39B008FC254 /* PBXTargetDependency */,
			);
			name = BacaLexiaUITests;
			productName = BacaLexiaUITests;
			productReference = CD7D9FDC254FD39B008FC254 /* BacaLexiaUITests.xctest */;
			productType = "com.apple.product-type.bundle.ui-testing";
		};
/* End PBXNativeTarget section */

/* Begin PBXProject section */
		CD7D9FB0254FD39A008FC254 /* Project object */ = {
			isa = PBXProject;
			attributes = {
				LastSwiftUpdateCheck = 1210;
				LastUpgradeCheck = 1210;
				TargetAttributes = {
					CD7D9FB7254FD39A008FC254 = {
						CreatedOnToolsVersion = 12.1;
					};
					CD7D9FD0254FD39B008FC254 = {
						CreatedOnToolsVersion = 12.1;
						TestTargetID = CD7D9FB7254FD39A008FC254;
					};
					CD7D9FDB254FD39B008FC254 = {
						CreatedOnToolsVersion = 12.1;
						TestTargetID = CD7D9FB7254FD39A008FC254;
					};
				};
			};
			buildConfigurationList = CD7D9FB3254FD39A008FC254 /* Build configuration list for PBXProject "BacaLexia" */;
			compatibilityVersion = "Xcode 9.3";
			developmentRegion = en;
			hasScannedForEncodings = 0;
			knownRegions = (
				en,
				Base,
			);
			mainGroup = CD7D9FAF254FD39A008FC254;
			productRefGroup = CD7D9FB9254FD39A008FC254 /* Products */;
			projectDirPath = "";
			projectRoot = "";
			targets = (
				CD7D9FB7254FD39A008FC254 /* BacaLexia */,
				CD7D9FD0254FD39B008FC254 /* BacaLexiaTests */,
				CD7D9FDB254FD39B008FC254 /* BacaLexiaUITests */,
			);
		};
/* End PBXProject section */

/* Begin PBXResourcesBuildPhase section */
		CD7D9FB6254FD39A008FC254 /* Resources */ = {
			isa = PBXResourcesBuildPhase;
			buildActionMask = 2147483647;
			files = (
				703ECD0C255DEC93006AD24C /* gelembung1.wav in Resources */,
				703ECCDD255DD62D006AD24C /* O.wav in Resources */,
				703ECCD7255DD62D006AD24C /* E.wav in Resources */,
				703ECCD5255DD62D006AD24C /* instruksiDengar.wav in Resources */,
				703ECCF2255DE9B2006AD24C /* instruksiPilihVnK.wav in Resources */,
				703ECD02255DEB9A006AD24C /* instruksiPilihHuruf.wav in Resources */,
				CD7844DA2552C0F200BCA0E5 /* MenulisA.storyboard in Resources */,
				CDCE2CA92558F04A00851650 /* ShowGuide.m4a in Resources */,
				70776F0C2558A67700345E04 /* mengucapkan.wav in Resources */,
				70777BE52555225E00E78239 /* Dengar3.wav in Resources */,
				7065FAE925532A97004ABF4A /* PilihV.storyboard in Resources */,
				70777BEF25555BE500E78239 /* Main.storyboard in Resources */,
				703ECCDC255DD62D006AD24C /* U.wav in Resources */,
				703ECD07255DEC5B006AD24C /* isntruksiPilihVnK.wav in Resources */,
				703ECCF7255DE9BF006AD24C /* gelembung.wav in Resources */,
				70777BE72555225E00E78239 /* Dengar2.wav in Resources */,
				703ECCDB255DD62D006AD24C /* A.wav in Resources */,
				70776F2D255936D400345E04 /* PilihKons.storyboard in Resources */,
				CD7D9FCB254FD39B008FC254 /* LaunchScreen.storyboard in Resources */,
				CD7D9FC8254FD39B008FC254 /* Assets.xcassets in Resources */,
				703ECCD9255DD62D006AD24C /* VnK.wav in Resources */,
				703ECCD6255DD62D006AD24C /* instruksiUcap.wav in Resources */,
				70776F0B2558A67700345E04 /* mendengarkan.wav in Resources */,
				70777BE62555225E00E78239 /* Dengar1.wav in Resources */,
				703ECCDE255DD62D006AD24C /* I.wav in Resources */,
				70776F132558A7BA00345E04 /* pilihlahHuruf.wav in Resources */,
				7065FAEE25532AAB004ABF4A /* Ahuruf.storyboard in Resources */,
			);
			runOnlyForDeploymentPostprocessing = 0;
		};
		CD7D9FCF254FD39B008FC254 /* Resources */ = {
			isa = PBXResourcesBuildPhase;
			buildActionMask = 2147483647;
			files = (
			);
			runOnlyForDeploymentPostprocessing = 0;
		};
		CD7D9FDA254FD39B008FC254 /* Resources */ = {
			isa = PBXResourcesBuildPhase;
			buildActionMask = 2147483647;
			files = (
			);
			runOnlyForDeploymentPostprocessing = 0;
		};
/* End PBXResourcesBuildPhase section */

/* Begin PBXSourcesBuildPhase section */
		CD7D9FB4254FD39A008FC254 /* Sources */ = {
			isa = PBXSourcesBuildPhase;
			buildActionMask = 2147483647;
			files = (
				701986BE2559AF6A00DA938E /* PilihKonsViewController.swift in Sources */,
				CD7D9FC6254FD39A008FC254 /* BacaLexia.xcdatamodeld in Sources */,
				7065FAF825532B29004ABF4A /* AhurufViewController.swift in Sources */,
				CD7D9FBC254FD39A008FC254 /* AppDelegate.swift in Sources */,
				70777BF725555C1900E78239 /* MainViewController.swift in Sources */,
				7065FAF325532B09004ABF4A /* PilihVViewController.swift in Sources */,
				CD7D9FBE254FD39A008FC254 /* SceneDelegate.swift in Sources */,
				CD7844DF2552D01C00BCA0E5 /* MenulisAViewController.swift in Sources */,
			);
			runOnlyForDeploymentPostprocessing = 0;
		};
		CD7D9FCD254FD39B008FC254 /* Sources */ = {
			isa = PBXSourcesBuildPhase;
			buildActionMask = 2147483647;
			files = (
				CD7D9FD6254FD39B008FC254 /* BacaLexiaTests.swift in Sources */,
			);
			runOnlyForDeploymentPostprocessing = 0;
		};
		CD7D9FD8254FD39B008FC254 /* Sources */ = {
			isa = PBXSourcesBuildPhase;
			buildActionMask = 2147483647;
			files = (
				CD7D9FE1254FD39B008FC254 /* BacaLexiaUITests.swift in Sources */,
			);
			runOnlyForDeploymentPostprocessing = 0;
		};
/* End PBXSourcesBuildPhase section */

/* Begin PBXTargetDependency section */
		CD7D9FD3254FD39B008FC254 /* PBXTargetDependency */ = {
			isa = PBXTargetDependency;
			target = CD7D9FB7254FD39A008FC254 /* BacaLexia */;
			targetProxy = CD7D9FD2254FD39B008FC254 /* PBXContainerItemProxy */;
		};
		CD7D9FDE254FD39B008FC254 /* PBXTargetDependency */ = {
			isa = PBXTargetDependency;
			target = CD7D9FB7254FD39A008FC254 /* BacaLexia */;
			targetProxy = CD7D9FDD254FD39B008FC254 /* PBXContainerItemProxy */;
		};
/* End PBXTargetDependency section */

/* Begin PBXVariantGroup section */
		CD7D9FC9254FD39B008FC254 /* LaunchScreen.storyboard */ = {
			isa = PBXVariantGroup;
			children = (
				CD7D9FCA254FD39B008FC254 /* Base */,
			);
			name = LaunchScreen.storyboard;
			sourceTree = "<group>";
		};
/* End PBXVariantGroup section */

/* Begin XCBuildConfiguration section */
		CD7D9FE3254FD39B008FC254 /* Debug */ = {
			isa = XCBuildConfiguration;
			buildSettings = {
				ALWAYS_SEARCH_USER_PATHS = NO;
				CLANG_ANALYZER_NONNULL = YES;
				CLANG_ANALYZER_NUMBER_OBJECT_CONVERSION = YES_AGGRESSIVE;
				CLANG_CXX_LANGUAGE_STANDARD = "gnu++14";
				CLANG_CXX_LIBRARY = "libc++";
				CLANG_ENABLE_MODULES = YES;
				CLANG_ENABLE_OBJC_ARC = YES;
				CLANG_ENABLE_OBJC_WEAK = YES;
				CLANG_WARN_BLOCK_CAPTURE_AUTORELEASING = YES;
				CLANG_WARN_BOOL_CONVERSION = YES;
				CLANG_WARN_COMMA = YES;
				CLANG_WARN_CONSTANT_CONVERSION = YES;
				CLANG_WARN_DEPRECATED_OBJC_IMPLEMENTATIONS = YES;
				CLANG_WARN_DIRECT_OBJC_ISA_USAGE = YES_ERROR;
				CLANG_WARN_DOCUMENTATION_COMMENTS = YES;
				CLANG_WARN_EMPTY_BODY = YES;
				CLANG_WARN_ENUM_CONVERSION = YES;
				CLANG_WARN_INFINITE_RECURSION = YES;
				CLANG_WARN_INT_CONVERSION = YES;
				CLANG_WARN_NON_LITERAL_NULL_CONVERSION = YES;
				CLANG_WARN_OBJC_IMPLICIT_RETAIN_SELF = YES;
				CLANG_WARN_OBJC_LITERAL_CONVERSION = YES;
				CLANG_WARN_OBJC_ROOT_CLASS = YES_ERROR;
				CLANG_WARN_QUOTED_INCLUDE_IN_FRAMEWORK_HEADER = YES;
				CLANG_WARN_RANGE_LOOP_ANALYSIS = YES;
				CLANG_WARN_STRICT_PROTOTYPES = YES;
				CLANG_WARN_SUSPICIOUS_MOVE = YES;
				CLANG_WARN_UNGUARDED_AVAILABILITY = YES_AGGRESSIVE;
				CLANG_WARN_UNREACHABLE_CODE = YES;
				CLANG_WARN__DUPLICATE_METHOD_MATCH = YES;
				COPY_PHASE_STRIP = NO;
				DEBUG_INFORMATION_FORMAT = dwarf;
				ENABLE_STRICT_OBJC_MSGSEND = YES;
				ENABLE_TESTABILITY = YES;
				GCC_C_LANGUAGE_STANDARD = gnu11;
				GCC_DYNAMIC_NO_PIC = NO;
				GCC_NO_COMMON_BLOCKS = YES;
				GCC_OPTIMIZATION_LEVEL = 0;
				GCC_PREPROCESSOR_DEFINITIONS = (
					"DEBUG=1",
					"$(inherited)",
				);
				GCC_WARN_64_TO_32_BIT_CONVERSION = YES;
				GCC_WARN_ABOUT_RETURN_TYPE = YES_ERROR;
				GCC_WARN_UNDECLARED_SELECTOR = YES;
				GCC_WARN_UNINITIALIZED_AUTOS = YES_AGGRESSIVE;
				GCC_WARN_UNUSED_FUNCTION = YES;
				GCC_WARN_UNUSED_VARIABLE = YES;
				IPHONEOS_DEPLOYMENT_TARGET = 14.1;
				MTL_ENABLE_DEBUG_INFO = INCLUDE_SOURCE;
				MTL_FAST_MATH = YES;
				ONLY_ACTIVE_ARCH = YES;
				SDKROOT = iphoneos;
				SWIFT_ACTIVE_COMPILATION_CONDITIONS = DEBUG;
				SWIFT_OPTIMIZATION_LEVEL = "-Onone";
			};
			name = Debug;
		};
		CD7D9FE4254FD39B008FC254 /* Release */ = {
			isa = XCBuildConfiguration;
			buildSettings = {
				ALWAYS_SEARCH_USER_PATHS = NO;
				CLANG_ANALYZER_NONNULL = YES;
				CLANG_ANALYZER_NUMBER_OBJECT_CONVERSION = YES_AGGRESSIVE;
				CLANG_CXX_LANGUAGE_STANDARD = "gnu++14";
				CLANG_CXX_LIBRARY = "libc++";
				CLANG_ENABLE_MODULES = YES;
				CLANG_ENABLE_OBJC_ARC = YES;
				CLANG_ENABLE_OBJC_WEAK = YES;
				CLANG_WARN_BLOCK_CAPTURE_AUTORELEASING = YES;
				CLANG_WARN_BOOL_CONVERSION = YES;
				CLANG_WARN_COMMA = YES;
				CLANG_WARN_CONSTANT_CONVERSION = YES;
				CLANG_WARN_DEPRECATED_OBJC_IMPLEMENTATIONS = YES;
				CLANG_WARN_DIRECT_OBJC_ISA_USAGE = YES_ERROR;
				CLANG_WARN_DOCUMENTATION_COMMENTS = YES;
				CLANG_WARN_EMPTY_BODY = YES;
				CLANG_WARN_ENUM_CONVERSION = YES;
				CLANG_WARN_INFINITE_RECURSION = YES;
				CLANG_WARN_INT_CONVERSION = YES;
				CLANG_WARN_NON_LITERAL_NULL_CONVERSION = YES;
				CLANG_WARN_OBJC_IMPLICIT_RETAIN_SELF = YES;
				CLANG_WARN_OBJC_LITERAL_CONVERSION = YES;
				CLANG_WARN_OBJC_ROOT_CLASS = YES_ERROR;
				CLANG_WARN_QUOTED_INCLUDE_IN_FRAMEWORK_HEADER = YES;
				CLANG_WARN_RANGE_LOOP_ANALYSIS = YES;
				CLANG_WARN_STRICT_PROTOTYPES = YES;
				CLANG_WARN_SUSPICIOUS_MOVE = YES;
				CLANG_WARN_UNGUARDED_AVAILABILITY = YES_AGGRESSIVE;
				CLANG_WARN_UNREACHABLE_CODE = YES;
				CLANG_WARN__DUPLICATE_METHOD_MATCH = YES;
				COPY_PHASE_STRIP = NO;
				DEBUG_INFORMATION_FORMAT = "dwarf-with-dsym";
				ENABLE_NS_ASSERTIONS = NO;
				ENABLE_STRICT_OBJC_MSGSEND = YES;
				GCC_C_LANGUAGE_STANDARD = gnu11;
				GCC_NO_COMMON_BLOCKS = YES;
				GCC_WARN_64_TO_32_BIT_CONVERSION = YES;
				GCC_WARN_ABOUT_RETURN_TYPE = YES_ERROR;
				GCC_WARN_UNDECLARED_SELECTOR = YES;
				GCC_WARN_UNINITIALIZED_AUTOS = YES_AGGRESSIVE;
				GCC_WARN_UNUSED_FUNCTION = YES;
				GCC_WARN_UNUSED_VARIABLE = YES;
				IPHONEOS_DEPLOYMENT_TARGET = 14.1;
				MTL_ENABLE_DEBUG_INFO = NO;
				MTL_FAST_MATH = YES;
				SDKROOT = iphoneos;
				SWIFT_COMPILATION_MODE = wholemodule;
				SWIFT_OPTIMIZATION_LEVEL = "-O";
				VALIDATE_PRODUCT = YES;
			};
			name = Release;
		};
		CD7D9FE6254FD39B008FC254 /* Debug */ = {
			isa = XCBuildConfiguration;
			buildSettings = {
				ASSETCATALOG_COMPILER_APPICON_NAME = AppIcon;
				ASSETCATALOG_COMPILER_GLOBAL_ACCENT_COLOR_NAME = AccentColor;
				CODE_SIGN_STYLE = Automatic;
				DEVELOPMENT_TEAM = XN642GJ9WQ;
				INFOPLIST_FILE = BacaLexia/Info.plist;
				IPHONEOS_DEPLOYMENT_TARGET = 13.0;
				LD_RUNPATH_SEARCH_PATHS = (
					"$(inherited)",
					"@executable_path/Frameworks",
				);
				PRODUCT_BUNDLE_IDENTIFIER = www.infinitelearning.id.BacaLexia;
				PRODUCT_NAME = "$(TARGET_NAME)";
				SWIFT_VERSION = 5.0;
				TARGETED_DEVICE_FAMILY = 2;
			};
			name = Debug;
		};
		CD7D9FE7254FD39B008FC254 /* Release */ = {
			isa = XCBuildConfiguration;
			buildSettings = {
				ASSETCATALOG_COMPILER_APPICON_NAME = AppIcon;
				ASSETCATALOG_COMPILER_GLOBAL_ACCENT_COLOR_NAME = AccentColor;
				CODE_SIGN_STYLE = Automatic;
				DEVELOPMENT_TEAM = XN642GJ9WQ;
				INFOPLIST_FILE = BacaLexia/Info.plist;
				IPHONEOS_DEPLOYMENT_TARGET = 13.0;
				LD_RUNPATH_SEARCH_PATHS = (
					"$(inherited)",
					"@executable_path/Frameworks",
				);
				PRODUCT_BUNDLE_IDENTIFIER = www.infinitelearning.id.BacaLexia;
				PRODUCT_NAME = "$(TARGET_NAME)";
				SWIFT_VERSION = 5.0;
				TARGETED_DEVICE_FAMILY = 2;
			};
			name = Release;
		};
		CD7D9FE9254FD39B008FC254 /* Debug */ = {
			isa = XCBuildConfiguration;
			buildSettings = {
				ALWAYS_EMBED_SWIFT_STANDARD_LIBRARIES = YES;
				BUNDLE_LOADER = "$(TEST_HOST)";
				CODE_SIGN_STYLE = Automatic;
				DEVELOPMENT_TEAM = XN642GJ9WQ;
				INFOPLIST_FILE = BacaLexiaTests/Info.plist;
				IPHONEOS_DEPLOYMENT_TARGET = 13.0;
				LD_RUNPATH_SEARCH_PATHS = (
					"$(inherited)",
					"@executable_path/Frameworks",
					"@loader_path/Frameworks",
				);
				PRODUCT_BUNDLE_IDENTIFIER = www.infinitelearning.id.BacaLexiaTests;
				PRODUCT_NAME = "$(TARGET_NAME)";
				SWIFT_VERSION = 5.0;
				TARGETED_DEVICE_FAMILY = "1,2";
				TEST_HOST = "$(BUILT_PRODUCTS_DIR)/BacaLexia.app/BacaLexia";
			};
			name = Debug;
		};
		CD7D9FEA254FD39B008FC254 /* Release */ = {
			isa = XCBuildConfiguration;
			buildSettings = {
				ALWAYS_EMBED_SWIFT_STANDARD_LIBRARIES = YES;
				BUNDLE_LOADER = "$(TEST_HOST)";
				CODE_SIGN_STYLE = Automatic;
				DEVELOPMENT_TEAM = XN642GJ9WQ;
				INFOPLIST_FILE = BacaLexiaTests/Info.plist;
				IPHONEOS_DEPLOYMENT_TARGET = 13.0;
				LD_RUNPATH_SEARCH_PATHS = (
					"$(inherited)",
					"@executable_path/Frameworks",
					"@loader_path/Frameworks",
				);
				PRODUCT_BUNDLE_IDENTIFIER = www.infinitelearning.id.BacaLexiaTests;
				PRODUCT_NAME = "$(TARGET_NAME)";
				SWIFT_VERSION = 5.0;
				TARGETED_DEVICE_FAMILY = "1,2";
				TEST_HOST = "$(BUILT_PRODUCTS_DIR)/BacaLexia.app/BacaLexia";
			};
			name = Release;
		};
		CD7D9FEC254FD39B008FC254 /* Debug */ = {
			isa = XCBuildConfiguration;
			buildSettings = {
				ALWAYS_EMBED_SWIFT_STANDARD_LIBRARIES = YES;
				CODE_SIGN_STYLE = Automatic;
				DEVELOPMENT_TEAM = XN642GJ9WQ;
				INFOPLIST_FILE = BacaLexiaUITests/Info.plist;
				IPHONEOS_DEPLOYMENT_TARGET = 12.0;
				LD_RUNPATH_SEARCH_PATHS = (
					"$(inherited)",
					"@executable_path/Frameworks",
					"@loader_path/Frameworks",
				);
				PRODUCT_BUNDLE_IDENTIFIER = www.infinitelearning.id.BacaLexiaUITests;
				PRODUCT_NAME = "$(TARGET_NAME)";
				SWIFT_VERSION = 5.0;
				TARGETED_DEVICE_FAMILY = "1,2";
				TEST_TARGET_NAME = BacaLexia;
			};
			name = Debug;
		};
		CD7D9FED254FD39B008FC254 /* Release */ = {
			isa = XCBuildConfiguration;
			buildSettings = {
				ALWAYS_EMBED_SWIFT_STANDARD_LIBRARIES = YES;
				CODE_SIGN_STYLE = Automatic;
				DEVELOPMENT_TEAM = XN642GJ9WQ;
				INFOPLIST_FILE = BacaLexiaUITests/Info.plist;
				IPHONEOS_DEPLOYMENT_TARGET = 12.0;
				LD_RUNPATH_SEARCH_PATHS = (
					"$(inherited)",
					"@executable_path/Frameworks",
					"@loader_path/Frameworks",
				);
				PRODUCT_BUNDLE_IDENTIFIER = www.infinitelearning.id.BacaLexiaUITests;
				PRODUCT_NAME = "$(TARGET_NAME)";
				SWIFT_VERSION = 5.0;
				TARGETED_DEVICE_FAMILY = "1,2";
				TEST_TARGET_NAME = BacaLexia;
			};
			name = Release;
		};
/* End XCBuildConfiguration section */

/* Begin XCConfigurationList section */
		CD7D9FB3254FD39A008FC254 /* Build configuration list for PBXProject "BacaLexia" */ = {
			isa = XCConfigurationList;
			buildConfigurations = (
				CD7D9FE3254FD39B008FC254 /* Debug */,
				CD7D9FE4254FD39B008FC254 /* Release */,
			);
			defaultConfigurationIsVisible = 0;
			defaultConfigurationName = Release;
		};
		CD7D9FE5254FD39B008FC254 /* Build configuration list for PBXNativeTarget "BacaLexia" */ = {
			isa = XCConfigurationList;
			buildConfigurations = (
				CD7D9FE6254FD39B008FC254 /* Debug */,
				CD7D9FE7254FD39B008FC254 /* Release */,
			);
			defaultConfigurationIsVisible = 0;
			defaultConfigurationName = Release;
		};
		CD7D9FE8254FD39B008FC254 /* Build configuration list for PBXNativeTarget "BacaLexiaTests" */ = {
			isa = XCConfigurationList;
			buildConfigurations = (
				CD7D9FE9254FD39B008FC254 /* Debug */,
				CD7D9FEA254FD39B008FC254 /* Release */,
			);
			defaultConfigurationIsVisible = 0;
			defaultConfigurationName = Release;
		};
		CD7D9FEB254FD39B008FC254 /* Build configuration list for PBXNativeTarget "BacaLexiaUITests" */ = {
			isa = XCConfigurationList;
			buildConfigurations = (
				CD7D9FEC254FD39B008FC254 /* Debug */,
				CD7D9FED254FD39B008FC254 /* Release */,
			);
			defaultConfigurationIsVisible = 0;
			defaultConfigurationName = Release;
		};
/* End XCConfigurationList section */

/* Begin XCVersionGroup section */
		CD7D9FC4254FD39A008FC254 /* BacaLexia.xcdatamodeld */ = {
			isa = XCVersionGroup;
			children = (
				CD7D9FC5254FD39A008FC254 /* BacaLexia.xcdatamodel */,
			);
			currentVersion = CD7D9FC5254FD39A008FC254 /* BacaLexia.xcdatamodel */;
			path = BacaLexia.xcdatamodeld;
			sourceTree = "<group>";
			versionGroupType = wrapper.xcdatamodel;
		};
/* End XCVersionGroup section */
	};
	rootObject = CD7D9FB0254FD39A008FC254 /* Project object */;
}
